// !$*UTF8*$!
{
	archiveVersion = 1;
	classes = {
	};
	objectVersion = 50;
	objects = {

/* Begin PBXBuildFile section */
		F76EB1C925431F45003B3A97 /* AppDelegate.swift in Sources */ = {isa = PBXBuildFile; fileRef = F76EB1C825431F45003B3A97 /* AppDelegate.swift */; };
		F76EB1CB25431F45003B3A97 /* SceneDelegate.swift in Sources */ = {isa = PBXBuildFile; fileRef = F76EB1CA25431F45003B3A97 /* SceneDelegate.swift */; };
		F76EB1CD25431F45003B3A97 /* ViewController.swift in Sources */ = {isa = PBXBuildFile; fileRef = F76EB1CC25431F45003B3A97 /* ViewController.swift */; };
		F76EB1D225431F46003B3A97 /* Assets.xcassets in Resources */ = {isa = PBXBuildFile; fileRef = F76EB1D125431F46003B3A97 /* Assets.xcassets */; };
		F76EB1E025431FD6003B3A97 /* CustomCollectionViewCell.swift in Sources */ = {isa = PBXBuildFile; fileRef = F76EB1DE25431FD6003B3A97 /* CustomCollectionViewCell.swift */; };
		F76EB1EB25432082003B3A97 /* CustomTableViewCell.swift in Sources */ = {isa = PBXBuildFile; fileRef = F76EB1E925432082003B3A97 /* CustomTableViewCell.swift */; };
		F76EB1F6254320BD003B3A97 /* CustomHeaderView.xib in Resources */ = {isa = PBXBuildFile; fileRef = F76EB1F4254320BD003B3A97 /* CustomHeaderView.xib */; };
		F76EB1F7254320BD003B3A97 /* CustomHeaderView.swift in Sources */ = {isa = PBXBuildFile; fileRef = F76EB1F5254320BD003B3A97 /* CustomHeaderView.swift */; };
		F76EB1FB254320EE003B3A97 /* DetailViewController.swift in Sources */ = {isa = PBXBuildFile; fileRef = F76EB1FA254320ED003B3A97 /* DetailViewController.swift */; };
		F76EB1FE25432115003B3A97 /* ImageCategory.swift in Sources */ = {isa = PBXBuildFile; fileRef = F76EB1FD25432115003B3A97 /* ImageCategory.swift */; };
		F76EB2012543225C003B3A97 /* Main.storyboard in Resources */ = {isa = PBXBuildFile; fileRef = F76EB2002543225C003B3A97 /* Main.storyboard */; };
		F76EB2052543232D003B3A97 /* LaunchScreen.storyboard in Resources */ = {isa = PBXBuildFile; fileRef = F76EB2042543232D003B3A97 /* LaunchScreen.storyboard */; };
		F7F799EF2544C8A4003521AE /* CustomCollectionViewCell.xib in Resources */ = {isa = PBXBuildFile; fileRef = F7F799EE2544C8A4003521AE /* CustomCollectionViewCell.xib */; };
		F7F799F32544C8DA003521AE /* CustomTableViewCell.xib in Resources */ = {isa = PBXBuildFile; fileRef = F7F799F22544C8DA003521AE /* CustomTableViewCell.xib */; };
		F7F799FD2544CAB0003521AE /* MenuScreen.swift in Sources */ = {isa = PBXBuildFile; fileRef = F7F799FC2544CAB0003521AE /* MenuScreen.swift */; };
/* End PBXBuildFile section */

/* Begin PBXFileReference section */
		F76EB1C525431F45003B3A97 /* Fashionize.app */ = {isa = PBXFileReference; explicitFileType = wrapper.application; includeInIndex = 0; path = Fashionize.app; sourceTree = BUILT_PRODUCTS_DIR; };
		F76EB1C825431F45003B3A97 /* AppDelegate.swift */ = {isa = PBXFileReference; lastKnownFileType = sourcecode.swift; path = AppDelegate.swift; sourceTree = "<group>"; };
		F76EB1CA25431F45003B3A97 /* SceneDelegate.swift */ = {isa = PBXFileReference; lastKnownFileType = sourcecode.swift; path = SceneDelegate.swift; sourceTree = "<group>"; };
		F76EB1CC25431F45003B3A97 /* ViewController.swift */ = {isa = PBXFileReference; lastKnownFileType = sourcecode.swift; path = ViewController.swift; sourceTree = "<group>"; };
		F76EB1D125431F46003B3A97 /* Assets.xcassets */ = {isa = PBXFileReference; lastKnownFileType = folder.assetcatalog; path = Assets.xcassets; sourceTree = "<group>"; };
		F76EB1D625431F46003B3A97 /* Info.plist */ = {isa = PBXFileReference; lastKnownFileType = text.plist.xml; path = Info.plist; sourceTree = "<group>"; };
		F76EB1DE25431FD6003B3A97 /* CustomCollectionViewCell.swift */ = {isa = PBXFileReference; lastKnownFileType = sourcecode.swift; path = CustomCollectionViewCell.swift; sourceTree = "<group>"; };
		F76EB1E925432082003B3A97 /* CustomTableViewCell.swift */ = {isa = PBXFileReference; lastKnownFileType = sourcecode.swift; path = CustomTableViewCell.swift; sourceTree = "<group>"; };
		F76EB1F4254320BD003B3A97 /* CustomHeaderView.xib */ = {isa = PBXFileReference; fileEncoding = 4; lastKnownFileType = file.xib; path = CustomHeaderView.xib; sourceTree = "<group>"; };
		F76EB1F5254320BD003B3A97 /* CustomHeaderView.swift */ = {isa = PBXFileReference; fileEncoding = 4; lastKnownFileType = sourcecode.swift; path = CustomHeaderView.swift; sourceTree = "<group>"; };
		F76EB1FA254320ED003B3A97 /* DetailViewController.swift */ = {isa = PBXFileReference; fileEncoding = 4; lastKnownFileType = sourcecode.swift; path = DetailViewController.swift; sourceTree = "<group>"; };
		F76EB1FD25432115003B3A97 /* ImageCategory.swift */ = {isa = PBXFileReference; fileEncoding = 4; lastKnownFileType = sourcecode.swift; path = ImageCategory.swift; sourceTree = "<group>"; };
		F76EB2002543225C003B3A97 /* Main.storyboard */ = {isa = PBXFileReference; fileEncoding = 4; lastKnownFileType = file.storyboard; path = Main.storyboard; sourceTree = "<group>"; };
		F76EB2042543232D003B3A97 /* LaunchScreen.storyboard */ = {isa = PBXFileReference; fileEncoding = 4; lastKnownFileType = file.storyboard; path = LaunchScreen.storyboard; sourceTree = "<group>"; };
		F7F799EE2544C8A4003521AE /* CustomCollectionViewCell.xib */ = {isa = PBXFileReference; fileEncoding = 4; lastKnownFileType = file.xib; path = CustomCollectionViewCell.xib; sourceTree = "<group>"; };
		F7F799F22544C8DA003521AE /* CustomTableViewCell.xib */ = {isa = PBXFileReference; fileEncoding = 4; lastKnownFileType = file.xib; path = CustomTableViewCell.xib; sourceTree = "<group>"; };
		F7F799FC2544CAB0003521AE /* MenuScreen.swift */ = {isa = PBXFileReference; fileEncoding = 4; lastKnownFileType = sourcecode.swift; path = MenuScreen.swift; sourceTree = "<group>"; };
/* End PBXFileReference section */

/* Begin PBXFrameworksBuildPhase section */
		F76EB1C225431F45003B3A97 /* Frameworks */ = {
			isa = PBXFrameworksBuildPhase;
			buildActionMask = 2147483647;
			files = (
			);
			runOnlyForDeploymentPostprocessing = 0;
		};
/* End PBXFrameworksBuildPhase section */

/* Begin PBXGroup section */
		F76EB1BC25431F45003B3A97 = {
			isa = PBXGroup;
			children = (
				F76EB1C725431F45003B3A97 /* Fashionize */,
				F76EB1C625431F45003B3A97 /* Products */,
			);
			sourceTree = "<group>";
		};
		F76EB1C625431F45003B3A97 /* Products */ = {
			isa = PBXGroup;
			children = (
				F76EB1C525431F45003B3A97 /* Fashionize.app */,
			);
			name = Products;
			sourceTree = "<group>";
		};
		F76EB1C725431F45003B3A97 /* Fashionize */ = {
			isa = PBXGroup;
			children = (
				F76EB22225436F1B003B3A97 /* OOTD SCREEN */,
				F76EB1CA25431F45003B3A97 /* SceneDelegate.swift */,
				F76EB2002543225C003B3A97 /* Main.storyboard */,
				F76EB1D125431F46003B3A97 /* Assets.xcassets */,
				F76EB2042543232D003B3A97 /* LaunchScreen.storyboard */,
				F76EB1D625431F46003B3A97 /* Info.plist */,
			);
			path = Fashionize;
			sourceTree = "<group>";
		};
		F76EB1DD25431F9C003B3A97 /* CollectionViewCell */ = {
			isa = PBXGroup;
			children = (
				F76EB1DE25431FD6003B3A97 /* CustomCollectionViewCell.swift */,
				F7F799EE2544C8A4003521AE /* CustomCollectionViewCell.xib */,
			);
			path = CollectionViewCell;
			sourceTree = "<group>";
		};
		F76EB1E825432056003B3A97 /* TableViewCell */ = {
			isa = PBXGroup;
			children = (
				F76EB1E925432082003B3A97 /* CustomTableViewCell.swift */,
				F7F799F22544C8DA003521AE /* CustomTableViewCell.xib */,
			);
			path = TableViewCell;
			sourceTree = "<group>";
		};
		F76EB1F3254320BD003B3A97 /* TableHeaderView */ = {
			isa = PBXGroup;
			children = (
				F76EB1F4254320BD003B3A97 /* CustomHeaderView.xib */,
				F76EB1F5254320BD003B3A97 /* CustomHeaderView.swift */,
			);
			path = TableHeaderView;
			sourceTree = "<group>";
		};
		F76EB1F9254320ED003B3A97 /* DetailController */ = {
			isa = PBXGroup;
			children = (
				F76EB1FA254320ED003B3A97 /* DetailViewController.swift */,
			);
			path = DetailController;
			sourceTree = "<group>";
		};
		F76EB22225436F1B003B3A97 /* OOTD SCREEN */ = {
			isa = PBXGroup;
			children = (
				F76EB1F3254320BD003B3A97 /* TableHeaderView */,
				F76EB1F9254320ED003B3A97 /* DetailController */,
				F76EB1FD25432115003B3A97 /* ImageCategory.swift */,
				F76EB1CC25431F45003B3A97 /* ViewController.swift */,
				F76EB1C825431F45003B3A97 /* AppDelegate.swift */,
				F7F799FC2544CAB0003521AE /* MenuScreen.swift */,
				F76EB1E825432056003B3A97 /* TableViewCell */,
				F76EB1DD25431F9C003B3A97 /* CollectionViewCell */,
			);
			path = "OOTD SCREEN";
			sourceTree = "<group>";
		};
/* End PBXGroup section */

/* Begin PBXNativeTarget section */
		F76EB1C425431F45003B3A97 /* Fashionize */ = {
			isa = PBXNativeTarget;
			buildConfigurationList = F76EB1D925431F46003B3A97 /* Build configuration list for PBXNativeTarget "Fashionize" */;
			buildPhases = (
				F76EB1C125431F45003B3A97 /* Sources */,
				F76EB1C225431F45003B3A97 /* Frameworks */,
				F76EB1C325431F45003B3A97 /* Resources */,
			);
			buildRules = (
			);
			dependencies = (
			);
			name = Fashionize;
			productName = Fashionize;
			productReference = F76EB1C525431F45003B3A97 /* Fashionize.app */;
			productType = "com.apple.product-type.application";
		};
/* End PBXNativeTarget section */

/* Begin PBXProject section */
		F76EB1BD25431F45003B3A97 /* Project object */ = {
			isa = PBXProject;
			attributes = {
				LastSwiftUpdateCheck = 1210;
				LastUpgradeCheck = 1210;
				TargetAttributes = {
					F76EB1C425431F45003B3A97 = {
						CreatedOnToolsVersion = 12.1;
					};
				};
			};
			buildConfigurationList = F76EB1C025431F45003B3A97 /* Build configuration list for PBXProject "Fashionize" */;
			compatibilityVersion = "Xcode 9.3";
			developmentRegion = en;
			hasScannedForEncodings = 0;
			knownRegions = (
				en,
				Base,
			);
			mainGroup = F76EB1BC25431F45003B3A97;
			productRefGroup = F76EB1C625431F45003B3A97 /* Products */;
			projectDirPath = "";
			projectRoot = "";
			targets = (
				F76EB1C425431F45003B3A97 /* Fashionize */,
			);
		};
/* End PBXProject section */

/* Begin PBXResourcesBuildPhase section */
		F76EB1C325431F45003B3A97 /* Resources */ = {
			isa = PBXResourcesBuildPhase;
			buildActionMask = 2147483647;
			files = (
				F76EB2012543225C003B3A97 /* Main.storyboard in Resources */,
				F7F799F32544C8DA003521AE /* CustomTableViewCell.xib in Resources */,
				F76EB1D225431F46003B3A97 /* Assets.xcassets in Resources */,
				F76EB2052543232D003B3A97 /* LaunchScreen.storyboard in Resources */,
				F76EB1F6254320BD003B3A97 /* CustomHeaderView.xib in Resources */,
				F7F799EF2544C8A4003521AE /* CustomCollectionViewCell.xib in Resources */,
			);
			runOnlyForDeploymentPostprocessing = 0;
		};
/* End PBXResourcesBuildPhase section */

/* Begin PBXSourcesBuildPhase section */
		F76EB1C125431F45003B3A97 /* Sources */ = {
			isa = PBXSourcesBuildPhase;
			buildActionMask = 2147483647;
			files = (
				F7F799FD2544CAB0003521AE /* MenuScreen.swift in Sources */,
				F76EB1CD25431F45003B3A97 /* ViewController.swift in Sources */,
				F76EB1EB25432082003B3A97 /* CustomTableViewCell.swift in Sources */,
				F76EB1C925431F45003B3A97 /* AppDelegate.swift in Sources */,
				F76EB1CB25431F45003B3A97 /* SceneDelegate.swift in Sources */,
				F76EB1F7254320BD003B3A97 /* CustomHeaderView.swift in Sources */,
				F76EB1E025431FD6003B3A97 /* CustomCollectionViewCell.swift in Sources */,
				F76EB1FB254320EE003B3A97 /* DetailViewController.swift in Sources */,
				F76EB1FE25432115003B3A97 /* ImageCategory.swift in Sources */,
			);
			runOnlyForDeploymentPostprocessing = 0;
		};
/* End PBXSourcesBuildPhase section */

/* Begin XCBuildConfiguration section */
		F76EB1D725431F46003B3A97 /* Debug */ = {
			isa = XCBuildConfiguration;
			buildSettings = {
				ALWAYS_SEARCH_USER_PATHS = NO;
				CLANG_ANALYZER_NONNULL = YES;
				CLANG_ANALYZER_NUMBER_OBJECT_CONVERSION = YES_AGGRESSIVE;
				CLANG_CXX_LANGUAGE_STANDARD = "gnu++14";
				CLANG_CXX_LIBRARY = "libc++";
				CLANG_ENABLE_MODULES = YES;
				CLANG_ENABLE_OBJC_ARC = YES;
				CLANG_ENABLE_OBJC_WEAK = YES;
				CLANG_WARN_BLOCK_CAPTURE_AUTORELEASING = YES;
				CLANG_WARN_BOOL_CONVERSION = YES;
				CLANG_WARN_COMMA = YES;
				CLANG_WARN_CONSTANT_CONVERSION = YES;
				CLANG_WARN_DEPRECATED_OBJC_IMPLEMENTATIONS = YES;
				CLANG_WARN_DIRECT_OBJC_ISA_USAGE = YES_ERROR;
				CLANG_WARN_DOCUMENTATION_COMMENTS = YES;
				CLANG_WARN_EMPTY_BODY = YES;
				CLANG_WARN_ENUM_CONVERSION = YES;
				CLANG_WARN_INFINITE_RECURSION = YES;
				CLANG_WARN_INT_CONVERSION = YES;
				CLANG_WARN_NON_LITERAL_NULL_CONVERSION = YES;
				CLANG_WARN_OBJC_IMPLICIT_RETAIN_SELF = YES;
				CLANG_WARN_OBJC_LITERAL_CONVERSION = YES;
				CLANG_WARN_OBJC_ROOT_CLASS = YES_ERROR;
				CLANG_WARN_QUOTED_INCLUDE_IN_FRAMEWORK_HEADER = YES;
				CLANG_WARN_RANGE_LOOP_ANALYSIS = YES;
				CLANG_WARN_STRICT_PROTOTYPES = YES;
				CLANG_WARN_SUSPICIOUS_MOVE = YES;
				CLANG_WARN_UNGUARDED_AVAILABILITY = YES_AGGRESSIVE;
				CLANG_WARN_UNREACHABLE_CODE = YES;
				CLANG_WARN__DUPLICATE_METHOD_MATCH = YES;
				COPY_PHASE_STRIP = NO;
				DEBUG_INFORMATION_FORMAT = dwarf;
				ENABLE_STRICT_OBJC_MSGSEND = YES;
				ENABLE_TESTABILITY = YES;
				GCC_C_LANGUAGE_STANDARD = gnu11;
				GCC_DYNAMIC_NO_PIC = NO;
				GCC_NO_COMMON_BLOCKS = YES;
				GCC_OPTIMIZATION_LEVEL = 0;
				GCC_PREPROCESSOR_DEFINITIONS = (
					"DEBUG=1",
					"$(inherited)",
				);
				GCC_WARN_64_TO_32_BIT_CONVERSION = YES;
				GCC_WARN_ABOUT_RETURN_TYPE = YES_ERROR;
				GCC_WARN_UNDECLARED_SELECTOR = YES;
				GCC_WARN_UNINITIALIZED_AUTOS = YES_AGGRESSIVE;
				GCC_WARN_UNUSED_FUNCTION = YES;
				GCC_WARN_UNUSED_VARIABLE = YES;
				IPHONEOS_DEPLOYMENT_TARGET = 14.1;
				MTL_ENABLE_DEBUG_INFO = INCLUDE_SOURCE;
				MTL_FAST_MATH = YES;
				ONLY_ACTIVE_ARCH = YES;
				SDKROOT = iphoneos;
				SWIFT_ACTIVE_COMPILATION_CONDITIONS = DEBUG;
				SWIFT_OPTIMIZATION_LEVEL = "-Onone";
			};
			name = Debug;
		};
		F76EB1D825431F46003B3A97 /* Release */ = {
			isa = XCBuildConfiguration;
			buildSettings = {
				ALWAYS_SEARCH_USER_PATHS = NO;
				CLANG_ANALYZER_NONNULL = YES;
				CLANG_ANALYZER_NUMBER_OBJECT_CONVERSION = YES_AGGRESSIVE;
				CLANG_CXX_LANGUAGE_STANDARD = "gnu++14";
				CLANG_CXX_LIBRARY = "libc++";
				CLANG_ENABLE_MODULES = YES;
				CLANG_ENABLE_OBJC_ARC = YES;
				CLANG_ENABLE_OBJC_WEAK = YES;
				CLANG_WARN_BLOCK_CAPTURE_AUTORELEASING = YES;
				CLANG_WARN_BOOL_CONVERSION = YES;
				CLANG_WARN_COMMA = YES;
				CLANG_WARN_CONSTANT_CONVERSION = YES;
				CLANG_WARN_DEPRECATED_OBJC_IMPLEMENTATIONS = YES;
				CLANG_WARN_DIRECT_OBJC_ISA_USAGE = YES_ERROR;
				CLANG_WARN_DOCUMENTATION_COMMENTS = YES;
				CLANG_WARN_EMPTY_BODY = YES;
				CLANG_WARN_ENUM_CONVERSION = YES;
				CLANG_WARN_INFINITE_RECURSION = YES;
				CLANG_WARN_INT_CONVERSION = YES;
				CLANG_WARN_NON_LITERAL_NULL_CONVERSION = YES;
				CLANG_WARN_OBJC_IMPLICIT_RETAIN_SELF = YES;
				CLANG_WARN_OBJC_LITERAL_CONVERSION = YES;
				CLANG_WARN_OBJC_ROOT_CLASS = YES_ERROR;
				CLANG_WARN_QUOTED_INCLUDE_IN_FRAMEWORK_HEADER = YES;
				CLANG_WARN_RANGE_LOOP_ANALYSIS = YES;
				CLANG_WARN_STRICT_PROTOTYPES = YES;
				CLANG_WARN_SUSPICIOUS_MOVE = YES;
				CLANG_WARN_UNGUARDED_AVAILABILITY = YES_AGGRESSIVE;
				CLANG_WARN_UNREACHABLE_CODE = YES;
				CLANG_WARN__DUPLICATE_METHOD_MATCH = YES;
				COPY_PHASE_STRIP = NO;
				DEBUG_INFORMATION_FORMAT = "dwarf-with-dsym";
				ENABLE_NS_ASSERTIONS = NO;
				ENABLE_STRICT_OBJC_MSGSEND = YES;
				GCC_C_LANGUAGE_STANDARD = gnu11;
				GCC_NO_COMMON_BLOCKS = YES;
				GCC_WARN_64_TO_32_BIT_CONVERSION = YES;
				GCC_WARN_ABOUT_RETURN_TYPE = YES_ERROR;
				GCC_WARN_UNDECLARED_SELECTOR = YES;
				GCC_WARN_UNINITIALIZED_AUTOS = YES_AGGRESSIVE;
				GCC_WARN_UNUSED_FUNCTION = YES;
				GCC_WARN_UNUSED_VARIABLE = YES;
				IPHONEOS_DEPLOYMENT_TARGET = 14.1;
				MTL_ENABLE_DEBUG_INFO = NO;
				MTL_FAST_MATH = YES;
				SDKROOT = iphoneos;
				SWIFT_COMPILATION_MODE = wholemodule;
				SWIFT_OPTIMIZATION_LEVEL = "-O";
				VALIDATE_PRODUCT = YES;
			};
			name = Release;
		};
		F76EB1DA25431F46003B3A97 /* Debug */ = {
			isa = XCBuildConfiguration;
			buildSettings = {
				ASSETCATALOG_COMPILER_APPICON_NAME = AppIcon;
				ASSETCATALOG_COMPILER_GLOBAL_ACCENT_COLOR_NAME = AccentColor;
				CODE_SIGN_STYLE = Automatic;
				DEVELOPMENT_TEAM = UQ456XXX89;
				INFOPLIST_FILE = Fashionize/Info.plist;
				LD_RUNPATH_SEARCH_PATHS = (
					"$(inherited)",
					"@executable_path/Frameworks",
				);
				PRODUCT_BUNDLE_IDENTIFIER = IdkStudios.Fashionize;
				PRODUCT_NAME = "$(TARGET_NAME)";
				SWIFT_VERSION = 5.0;
				TARGETED_DEVICE_FAMILY = "1,2";
			};
			name = Debug;
		};
		F76EB1DB25431F46003B3A97 /* Release */ = {
			isa = XCBuildConfiguration;
			buildSettings = {
				ASSETCATALOG_COMPILER_APPICON_NAME = AppIcon;
				ASSETCATALOG_COMPILER_GLOBAL_ACCENT_COLOR_NAME = AccentColor;
				CODE_SIGN_STYLE = Automatic;
				DEVELOPMENT_TEAM = UQ456XXX89;
				INFOPLIST_FILE = Fashionize/Info.plist;
				LD_RUNPATH_SEARCH_PATHS = (
					"$(inherited)",
					"@executable_path/Frameworks",
				);
				PRODUCT_BUNDLE_IDENTIFIER = IdkStudios.Fashionize;
				PRODUCT_NAME = "$(TARGET_NAME)";
				SWIFT_VERSION = 5.0;
				TARGETED_DEVICE_FAMILY = "1,2";
			};
			name = Release;
		};
/* End XCBuildConfiguration section */

/* Begin XCConfigurationList section */
		F76EB1C025431F45003B3A97 /* Build configuration list for PBXProject "Fashionize" */ = {
			isa = XCConfigurationList;
			buildConfigurations = (
				F76EB1D725431F46003B3A97 /* Debug */,
				F76EB1D825431F46003B3A97 /* Release */,
			);
			defaultConfigurationIsVisible = 0;
			defaultConfigurationName = Release;
		};
		F76EB1D925431F46003B3A97 /* Build configuration list for PBXNativeTarget "Fashionize" */ = {
			isa = XCConfigurationList;
			buildConfigurations = (
				F76EB1DA25431F46003B3A97 /* Debug */,
				F76EB1DB25431F46003B3A97 /* Release */,
			);
			defaultConfigurationIsVisible = 0;
			defaultConfigurationName = Release;
		};
/* End XCConfigurationList section */
	};
	rootObject = F76EB1BD25431F45003B3A97 /* Project object */;
}
